
Microsoft Visual Studio Solution File, Format Version 12.00
# Visual Studio Version 17
VisualStudioVersion = 17.4.33205.214
MinimumVisualStudioVersion = 10.0.40219.1
Project("{9A19103F-16F7-4668-BE54-9A1E7A4F7556}") = "Cashback.Application", "CashBack.Application\Cashback.Application.csproj", "{C3C0E4D8-AD68-43A0-B985-BD24C87BFE15}"
	ProjectSection(ProjectDependencies) = postProject
		{0C086185-D108-478B-AF28-9D00EDD319F2} = {0C086185-D108-478B-AF28-9D00EDD319F2}
		{7DF66E50-CC4F-42BA-93AE-6497E495866F} = {7DF66E50-CC4F-42BA-93AE-6497E495866F}
	EndProjectSection
EndProject
Project("{9A19103F-16F7-4668-BE54-9A1E7A4F7556}") = "Cashback.Domain", "CashBack.Domain\Cashback.Domain.csproj", "{7DF66E50-CC4F-42BA-93AE-6497E495866F}"
EndProject
Project("{9A19103F-16F7-4668-BE54-9A1E7A4F7556}") = "Cashback.Repository", "Cashback.Repository\Cashback.Repository.csproj", "{0C086185-D108-478B-AF28-9D00EDD319F2}"
	ProjectSection(ProjectDependencies) = postProject
		{7DF66E50-CC4F-42BA-93AE-6497E495866F} = {7DF66E50-CC4F-42BA-93AE-6497E495866F}
	EndProjectSection
EndProject
Project("{9A19103F-16F7-4668-BE54-9A1E7A4F7556}") = "CashbackUI", "CashbackUI\CashbackUI.csproj", "{11107E38-C602-4ECA-8D9C-65EA2A0BA4A8}"
EndProject
Project("{FAE04EC0-301F-11D3-BF4B-00C04F79EFBC}") = "Casback.Tests", "Casback.Tests\Casback.Tests.csproj", "{BEE8A29F-5EEF-4C6A-9BC6-02F70A249849}"
EndProject
Global
	GlobalSection(SolutionConfigurationPlatforms) = preSolution
		Debug|Any CPU = Debug|Any CPU
		Release|Any CPU = Release|Any CPU
	EndGlobalSection
	GlobalSection(ProjectConfigurationPlatforms) = postSolution
		{C3C0E4D8-AD68-43A0-B985-BD24C87BFE15}.Debug|Any CPU.ActiveCfg = Debug|Any CPU
		{C3C0E4D8-AD68-43A0-B985-BD24C87BFE15}.Debug|Any CPU.Build.0 = Debug|Any CPU
		{C3C0E4D8-AD68-43A0-B985-BD24C87BFE15}.Release|Any CPU.ActiveCfg = Release|Any CPU
		{C3C0E4D8-AD68-43A0-B985-BD24C87BFE15}.Release|Any CPU.Build.0 = Release|Any CPU
		{7DF66E50-CC4F-42BA-93AE-6497E495866F}.Debug|Any CPU.ActiveCfg = Debug|Any CPU
		{7DF66E50-CC4F-42BA-93AE-6497E495866F}.Debug|Any CPU.Build.0 = Debug|Any CPU
		{7DF66E50-CC4F-42BA-93AE-6497E495866F}.Release|Any CPU.ActiveCfg = Release|Any CPU
		{7DF66E50-CC4F-42BA-93AE-6497E495866F}.Release|Any CPU.Build.0 = Release|Any CPU
		{0C086185-D108-478B-AF28-9D00EDD319F2}.Debug|Any CPU.ActiveCfg = Debug|Any CPU
		{0C086185-D108-478B-AF28-9D00EDD319F2}.Debug|Any CPU.Build.0 = Debug|Any CPU
		{0C086185-D108-478B-AF28-9D00EDD319F2}.Release|Any CPU.ActiveCfg = Release|Any CPU
		{0C086185-D108-478B-AF28-9D00EDD319F2}.Release|Any CPU.Build.0 = Release|Any CPU
		{11107E38-C602-4ECA-8D9C-65EA2A0BA4A8}.Debug|Any CPU.ActiveCfg = Debug|Any CPU
		{11107E38-C602-4ECA-8D9C-65EA2A0BA4A8}.Debug|Any CPU.Build.0 = Debug|Any CPU
		{11107E38-C602-4ECA-8D9C-65EA2A0BA4A8}.Release|Any CPU.ActiveCfg = Release|Any CPU
		{11107E38-C602-4ECA-8D9C-65EA2A0BA4A8}.Release|Any CPU.Build.0 = Release|Any CPU
		{BEE8A29F-5EEF-4C6A-9BC6-02F70A249849}.Debug|Any CPU.ActiveCfg = Debug|Any CPU
		{BEE8A29F-5EEF-4C6A-9BC6-02F70A249849}.Debug|Any CPU.Build.0 = Debug|Any CPU
		{BEE8A29F-5EEF-4C6A-9BC6-02F70A249849}.Release|Any CPU.ActiveCfg = Release|Any CPU
		{BEE8A29F-5EEF-4C6A-9BC6-02F70A249849}.Release|Any CPU.Build.0 = Release|Any CPU
	EndGlobalSection
	GlobalSection(SolutionProperties) = preSolution
		HideSolutionNode = FALSE
	EndGlobalSection
	GlobalSection(ExtensibilityGlobals) = postSolution
		SolutionGuid = {A73FF303-C062-4309-A347-A6F96EF3559D}
	EndGlobalSection
EndGlobal
